
Microsoft Visual Studio Solution File, Format Version 12.00
# Visual Studio Version 16
VisualStudioVersion = 16.0.32413.511
MinimumVisualStudioVersion = 10.0.40219.1
Project("{FAE04EC0-301F-11D3-BF4B-00C04F79EFBC}") = "Insomnia", "Insomnia\Insomnia.csproj", "{BD69D64A-066C-4070-83B0-C148FCC351ED}"
EndProject
Project("{FAE04EC0-301F-11D3-BF4B-00C04F79EFBC}") = "PrayAllDays", "PrayAllDays\PrayAllDays.csproj", "{9CB1759B-1188-4DD7-92DB-366000572B58}"
EndProject
Project("{FAE04EC0-301F-11D3-BF4B-00C04F79EFBC}") = "AlchemyResearch", "AlchemyResearch\AlchemyResearch.csproj", "{407480FA-E73E-488D-B995-237F53DDBA90}"
EndProject
Project("{FAE04EC0-301F-11D3-BF4B-00C04F79EFBC}") = "NoCorpseDecay", "NoCorpseDecay\NoCorpseDecay.csproj", "{AF48A3C0-5434-464B-A52C-26979DA40E7A}"
EndProject
Global
	GlobalSection(SolutionConfigurationPlatforms) = preSolution
		Debug|Any CPU = Debug|Any CPU
		Release|Any CPU = Release|Any CPU
	EndGlobalSection
	GlobalSection(ProjectConfigurationPlatforms) = postSolution
		{BD69D64A-066C-4070-83B0-C148FCC351ED}.Debug|Any CPU.ActiveCfg = Debug|Any CPU
		{BD69D64A-066C-4070-83B0-C148FCC351ED}.Debug|Any CPU.Build.0 = Debug|Any CPU
		{BD69D64A-066C-4070-83B0-C148FCC351ED}.Release|Any CPU.ActiveCfg = Release|Any CPU
		{BD69D64A-066C-4070-83B0-C148FCC351ED}.Release|Any CPU.Build.0 = Release|Any CPU
		{9CB1759B-1188-4DD7-92DB-366000572B58}.Debug|Any CPU.ActiveCfg = Debug|Any CPU
		{9CB1759B-1188-4DD7-92DB-366000572B58}.Debug|Any CPU.Build.0 = Debug|Any CPU
		{9CB1759B-1188-4DD7-92DB-366000572B58}.Release|Any CPU.ActiveCfg = Release|Any CPU
		{9CB1759B-1188-4DD7-92DB-366000572B58}.Release|Any CPU.Build.0 = Release|Any CPU
		{407480FA-E73E-488D-B995-237F53DDBA90}.Debug|Any CPU.ActiveCfg = Debug|Any CPU
		{407480FA-E73E-488D-B995-237F53DDBA90}.Debug|Any CPU.Build.0 = Debug|Any CPU
		{407480FA-E73E-488D-B995-237F53DDBA90}.Release|Any CPU.ActiveCfg = Release|Any CPU
		{407480FA-E73E-488D-B995-237F53DDBA90}.Release|Any CPU.Build.0 = Release|Any CPU
		{AF48A3C0-5434-464B-A52C-26979DA40E7A}.Debug|Any CPU.ActiveCfg = Debug|Any CPU
		{AF48A3C0-5434-464B-A52C-26979DA40E7A}.Debug|Any CPU.Build.0 = Debug|Any CPU
		{AF48A3C0-5434-464B-A52C-26979DA40E7A}.Release|Any CPU.ActiveCfg = Release|Any CPU
		{AF48A3C0-5434-464B-A52C-26979DA40E7A}.Release|Any CPU.Build.0 = Release|Any CPU
	EndGlobalSection
	GlobalSection(SolutionProperties) = preSolution
		HideSolutionNode = FALSE
	EndGlobalSection
	GlobalSection(ExtensibilityGlobals) = postSolution
		SolutionGuid = {95FB8667-6351-4E59-9539-465D808F5C17}
	EndGlobalSection
EndGlobal
